
Microsoft Visual Studio Solution File, Format Version 12.00
Project("{FAE04EC0-301F-11D3-BF4B-00C04F79EFBC}") = "RGB4R", "RGB4R\RGB4R.csproj", "{37F24726-3E9C-4F6E-8C73-F820B7B8AEF5}"
EndProject
Global
	GlobalSection(SolutionConfigurationPlatforms) = preSolution
		Debug|Any CPU = Debug|Any CPU
		Release|Any CPU = Release|Any CPU
	EndGlobalSection
	GlobalSection(ProjectConfigurationPlatforms) = postSolution
		{37F24726-3E9C-4F6E-8C73-F820B7B8AEF5}.Debug|Any CPU.ActiveCfg = Debug|Any CPU
		{37F24726-3E9C-4F6E-8C73-F820B7B8AEF5}.Debug|Any CPU.Build.0 = Debug|Any CPU
		{37F24726-3E9C-4F6E-8C73-F820B7B8AEF5}.Release|Any CPU.ActiveCfg = Release|Any CPU
		{37F24726-3E9C-4F6E-8C73-F820B7B8AEF5}.Release|Any CPU.Build.0 = Release|Any CPU
	EndGlobalSection
EndGlobal
